{
  "requires": true,
  "lockfileVersion": 1,
  "dependencies": {
    "@babel/runtime": {
      "version": "7.7.6",
      "resolved": "https://registry.npmjs.org/@babel/runtime/-/runtime-7.7.6.tgz",
      "integrity": "sha512-BWAJxpNVa0QlE5gZdWjSxXtemZyZ9RmrmVozxt3NUXeZhVIJ5ANyqmMc0JDrivBZyxUuQvFxlvH4OWWOogGfUw==",
      "requires": {
        "regenerator-runtime": "^0.13.2"
      }
    },
    "@syncfusion/ej2-base": {
      "version": "17.3.27",
      "resolved": "https://registry.npmjs.org/@syncfusion/ej2-base/-/ej2-base-17.3.27.tgz",
      "integrity": "sha512-iJ1QzVQElGvDqk8CH99eKQGZIrZiIrXGrZIxJxhjcFHNcL9s0TK1YtDUQI5HBqpfL0IZmK5WtNlRuyt7L5FfyQ==",
      "requires": {
        "@syncfusion/ej2-icons": "~17.3.27"
      }
    },
    "@syncfusion/ej2-buttons": {
      "version": "17.3.27",
      "resolved": "https://registry.npmjs.org/@syncfusion/ej2-buttons/-/ej2-buttons-17.3.27.tgz",
      "integrity": "sha512-xfT85sZCzI88fdU3vUHI504nBkSUyFN7vJr2jO9EBRSo4CjjS4kjKc4ugkz8AT3VTTujJJxIczBHUF1erXbxRg==",
      "requires": {
        "@syncfusion/ej2-base": "~17.3.27"
      }
    },
    "@syncfusion/ej2-calendars": {
      "version": "17.3.28",
      "resolved": "https://registry.npmjs.org/@syncfusion/ej2-calendars/-/ej2-calendars-17.3.28.tgz",
      "integrity": "sha512-6WHpEMbFDJcWBpw2B70HubnY6zccsbQ0upU/SmM1b+4JPxcvsMZlEkKxQ96sVh5MgCWGLFCYSsbAawAEeB4tag==",
      "requires": {
        "@syncfusion/ej2-base": "~17.3.27",
        "@syncfusion/ej2-buttons": "~17.3.27",
        "@syncfusion/ej2-inputs": "~17.3.28",
        "@syncfusion/ej2-lists": "~17.3.27",
        "@syncfusion/ej2-popups": "~17.3.27"
      }
    },
    "@syncfusion/ej2-compression": {
      "version": "17.3.27",
      "resolved": "https://registry.npmjs.org/@syncfusion/ej2-compression/-/ej2-compression-17.3.27.tgz",
      "integrity": "sha512-l2NtfbTSyAyI8mW+ECWKNkPdXLSxrIsvrRJfhObWL+RW41wT9EXEKQAguYBKDmnORCruRhpQlySLb2eln2XVdg==",
      "requires": {
        "@syncfusion/ej2-file-utils": "~17.3.27"
      }
    },
    "@syncfusion/ej2-data": {
      "version": "17.3.30",
      "resolved": "https://registry.npmjs.org/@syncfusion/ej2-data/-/ej2-data-17.3.30.tgz",
      "integrity": "sha512-VysxKGGqKDNUmiJFOjj/XZw5CUz0swd6rnUYbmiQiS9UFUELWbcxxROlNf9AEF15Wo/UWQxUgM8xUFgFNddwUA==",
      "requires": {
        "@syncfusion/ej2-base": "~17.3.27"
      }
    },
    "@syncfusion/ej2-dropdowns": {
      "version": "17.3.34",
      "resolved": "https://registry.npmjs.org/@syncfusion/ej2-dropdowns/-/ej2-dropdowns-17.3.34.tgz",
      "integrity": "sha512-JZdKCVsKvYoCsnLIreYOm3bgXJLCFauGLn2OVIfbPaBTWtmgHKgEu+N5Xa0q6/pZqGTzdzeC4Gsjwy9wh7gOuA==",
      "requires": {
        "@syncfusion/ej2-base": "~17.3.27",
        "@syncfusion/ej2-data": "~17.3.30",
        "@syncfusion/ej2-inputs": "~17.3.29",
        "@syncfusion/ej2-lists": "~17.3.27",
        "@syncfusion/ej2-popups": "~17.3.34"
      }
    },
    "@syncfusion/ej2-excel-export": {
      "version": "17.3.27",
      "resolved": "https://registry.npmjs.org/@syncfusion/ej2-excel-export/-/ej2-excel-export-17.3.27.tgz",
      "integrity": "sha512-xxXn72j6jQTQHg58ruvsoutMPvB6Xs2pcVpW4zULJzvH6lQXamGcdVi69hq/pQVyk+PBg/ZZ0xZKjk/ErXcpRg==",
      "requires": {
        "@syncfusion/ej2-base": "~17.3.27",
        "@syncfusion/ej2-compression": "~17.3.27"
      }
    },
    "@syncfusion/ej2-file-utils": {
      "version": "17.3.27",
      "resolved": "https://registry.npmjs.org/@syncfusion/ej2-file-utils/-/ej2-file-utils-17.3.27.tgz",
      "integrity": "sha512-a9+euE8dbrgIUVVuGmI7ARP/7JS0uPqgwY02gmkxdGhTlmOwEMH0z3U/tskAkL1Gq3vhejCG1PEsq6jFz1ypew=="
    },
    "@syncfusion/ej2-icons": {
      "version": "17.3.27",
      "resolved": "https://registry.npmjs.org/@syncfusion/ej2-icons/-/ej2-icons-17.3.27.tgz",
      "integrity": "sha512-0MM+93IrtXCnyXybVLjyRdy8JSJ4diCC0gZagFc1VhBofhZqrpWlCLt3C0SUyfsSvuMyYZUisR41iwqRP84yIQ=="
    },
    "@syncfusion/ej2-inputs": {
      "version": "17.3.29",
      "resolved": "https://registry.npmjs.org/@syncfusion/ej2-inputs/-/ej2-inputs-17.3.29.tgz",
      "integrity": "sha512-zr2eRnhZ7t54I+dcORsFhjv2lyFfkxk1RRl4cUkNGeyera8hBDbVNERMNgIDgOH31SLHhtwQacZ3NOXCVfj2GQ==",
      "requires": {
        "@syncfusion/ej2-base": "~17.3.27",
        "@syncfusion/ej2-buttons": "~17.3.27",
        "@syncfusion/ej2-popups": "~17.3.29",
        "@syncfusion/ej2-splitbuttons": "~17.3.27"
      }
    },
    "@syncfusion/ej2-lists": {
      "version": "17.3.27",
      "resolved": "https://registry.npmjs.org/@syncfusion/ej2-lists/-/ej2-lists-17.3.27.tgz",
      "integrity": "sha512-WuApIU/5q5v39HCrmNRsXS++mCOPyef5L/jVWd0TipFjBLaWsY1HYzJkfsaT9xTQLjUdTx4grvHe3KOf38NlEQ==",
      "requires": {
        "@syncfusion/ej2-base": "~17.3.27",
        "@syncfusion/ej2-buttons": "~17.3.27",
        "@syncfusion/ej2-data": "~17.3.27"
      }
    },
    "@syncfusion/ej2-navigations": {
      "version": "17.3.34",
      "resolved": "https://registry.npmjs.org/@syncfusion/ej2-navigations/-/ej2-navigations-17.3.34.tgz",
      "integrity": "sha512-UuMTXekK05HXnoM2aQS2rcETJB/GpgCic9fQgx46l0N57pu3pDKAgkF14Tanl81qDTqN3H8wYriNxUkI0pNrww==",
      "requires": {
        "@syncfusion/ej2-base": "~17.3.27",
        "@syncfusion/ej2-buttons": "~17.3.27",
        "@syncfusion/ej2-data": "~17.3.30",
        "@syncfusion/ej2-inputs": "~17.3.29",
        "@syncfusion/ej2-lists": "~17.3.27",
        "@syncfusion/ej2-popups": "~17.3.34"
      }
    },
    "@syncfusion/ej2-popups": {
      "version": "17.3.34",
      "resolved": "https://registry.npmjs.org/@syncfusion/ej2-popups/-/ej2-popups-17.3.34.tgz",
      "integrity": "sha512-z40wAl2Wj0oXEZ0zoDRCfQv0KTdvqxhG7lDRsAqIRWSg35JlfjkDsZ45MJQOkKHIIalt8cB20lSQ5Mxn4dgEZw==",
      "requires": {
        "@syncfusion/ej2-base": "~17.3.27",
        "@syncfusion/ej2-buttons": "~17.3.27"
      }
    },
    "@syncfusion/ej2-react-base": {
      "version": "17.3.27",
      "resolved": "https://registry.npmjs.org/@syncfusion/ej2-react-base/-/ej2-react-base-17.3.27.tgz",
      "integrity": "sha512-sGciSG4v72GplOgoT1L3Feieo7e45sWt1CmKoTZqUbeqra5tFOOquVuqaqWk970IikM0KfYKXtAtqNeEeflzqQ==",
      "requires": {
        "@syncfusion/ej2-base": "~17.3.27"
      }
    },
    "@syncfusion/ej2-react-schedule": {
      "version": "17.3.28",
      "resolved": "https://registry.npmjs.org/@syncfusion/ej2-react-schedule/-/ej2-react-schedule-17.3.28.tgz",
      "integrity": "sha512-lFWr86+pxMo5Soxzx0BOgBfm0IfZ1UZg9K7F+DNsXGc37dMPXxHAjSXRn8mkhzx1qXNXfsUlCMvrN7Yxv6veqQ==",
      "requires": {
        "@syncfusion/ej2-base": "~17.3.27",
        "@syncfusion/ej2-react-base": "~17.3.27",
        "@syncfusion/ej2-schedule": "17.3.28"
      }
    },
    "@syncfusion/ej2-schedule": {
      "version": "17.3.28",
      "resolved": "https://registry.npmjs.org/@syncfusion/ej2-schedule/-/ej2-schedule-17.3.28.tgz",
      "integrity": "sha512-wGAoKQR8IKkScer7t3XbHwycSSac6JaJclawjwdFobVx4oDRqarXjqi2Ep097duuMze4dgwBsMIqXfHlwvaRxw==",
      "requires": {
        "@syncfusion/ej2-base": "~17.3.27",
        "@syncfusion/ej2-buttons": "~17.3.27",
        "@syncfusion/ej2-calendars": "~17.3.28",
        "@syncfusion/ej2-data": "~17.3.27",
        "@syncfusion/ej2-dropdowns": "~17.3.28",
        "@syncfusion/ej2-excel-export": "~17.3.27",
        "@syncfusion/ej2-inputs": "~17.3.28",
        "@syncfusion/ej2-lists": "~17.3.27",
        "@syncfusion/ej2-navigations": "~17.3.27",
        "@syncfusion/ej2-popups": "~17.3.27"
      }
    },
    "@syncfusion/ej2-splitbuttons": {
      "version": "17.3.27",
      "resolved": "https://registry.npmjs.org/@syncfusion/ej2-splitbuttons/-/ej2-splitbuttons-17.3.27.tgz",
      "integrity": "sha512-4e9WDyiHLT6S4Jnsv3yFJgSqm0TUe8pCNEYFSV5wmFk20RE4qov4cDTEyNSngK7IFhNdmdfRwjYGpwnOOQzRVQ==",
      "requires": {
        "@syncfusion/ej2-base": "~17.3.27",
        "@syncfusion/ej2-popups": "~17.3.27"
      }
    },
    "gud": {
      "version": "1.0.0",
      "resolved": "https://registry.npmjs.org/gud/-/gud-1.0.0.tgz",
      "integrity": "sha512-zGEOVKFM5sVPPrYs7J5/hYEw2Pof8KCyOwyhG8sAF26mCAeUFAcYPu1mwB7hhpIP29zOIBaDqwuHdLp0jvZXjw=="
    },
    "history": {
      "version": "4.10.1",
      "resolved": "https://registry.npmjs.org/history/-/history-4.10.1.tgz",
      "integrity": "sha512-36nwAD620w12kuzPAsyINPWJqlNbij+hpK1k9XRloDtym8mxzGYl2c17LnV6IAGB2Dmg4tEa7G7DlawS0+qjew==",
      "requires": {
        "@babel/runtime": "^7.1.2",
        "loose-envify": "^1.2.0",
        "resolve-pathname": "^3.0.0",
        "tiny-invariant": "^1.0.2",
        "tiny-warning": "^1.0.0",
        "value-equal": "^1.0.1"
      }
    },
    "hoist-non-react-statics": {
      "version": "3.3.1",
      "resolved": "https://registry.npmjs.org/hoist-non-react-statics/-/hoist-non-react-statics-3.3.1.tgz",
      "integrity": "sha512-wbg3bpgA/ZqWrZuMOeJi8+SKMhr7X9TesL/rXMjTzh0p0JUBo3II8DHboYbuIXWRlttrUFxwcu/5kygrCw8fJw==",
      "requires": {
        "react-is": "^16.7.0"
      }
    },
    "isarray": {
      "version": "0.0.1",
      "resolved": "https://registry.npmjs.org/isarray/-/isarray-0.0.1.tgz",
      "integrity": "sha1-ihis/Kmo9Bd+Cav8YDiTmwXR7t8="
    },
    "js-tokens": {
      "version": "4.0.0",
      "resolved": "https://registry.npmjs.org/js-tokens/-/js-tokens-4.0.0.tgz",
      "integrity": "sha512-RdJUflcE3cUzKiMqQgsCu06FPu9UdIJO0beYbPhHN4k6apgJtifcoCtT9bcxOpYBtpD2kCM6Sbzg4CausW/PKQ=="
    },
    "loose-envify": {
      "version": "1.4.0",
      "resolved": "https://registry.npmjs.org/loose-envify/-/loose-envify-1.4.0.tgz",
      "integrity": "sha512-lyuxPGr/Wfhrlem2CL/UcnUc1zcqKAImBDzukY7Y5F/yQiNdko6+fRLevlw1HgMySw7f611UIY408EtxRSoK3Q==",
      "requires": {
        "js-tokens": "^3.0.0 || ^4.0.0"
      }
    },
    "mini-create-react-context": {
      "version": "0.3.2",
      "resolved": "https://registry.npmjs.org/mini-create-react-context/-/mini-create-react-context-0.3.2.tgz",
      "integrity": "sha512-2v+OeetEyliMt5VHMXsBhABoJ0/M4RCe7fatd/fBy6SMiKazUSEt3gxxypfnk2SHMkdBYvorHRoQxuGoiwbzAw==",
      "requires": {
        "@babel/runtime": "^7.4.0",
        "gud": "^1.0.0",
        "tiny-warning": "^1.0.2"
      }
    },
    "object-assign": {
      "version": "4.1.1",
      "resolved": "https://registry.npmjs.org/object-assign/-/object-assign-4.1.1.tgz",
      "integrity": "sha1-IQmtx5ZYh8/AXLvUQsrIv7s2CGM="
    },
    "path-to-regexp": {
      "version": "1.8.0",
      "resolved": "https://registry.npmjs.org/path-to-regexp/-/path-to-regexp-1.8.0.tgz",
      "integrity": "sha512-n43JRhlUKUAlibEJhPeir1ncUID16QnEjNpwzNdO3Lm4ywrBpBZ5oLD0I6br9evr1Y9JTqwRtAh7JLoOzAQdVA==",
      "requires": {
        "isarray": "0.0.1"
      }
    },
    "prop-types": {
      "version": "15.7.2",
      "resolved": "https://registry.npmjs.org/prop-types/-/prop-types-15.7.2.tgz",
      "integrity": "sha512-8QQikdH7//R2vurIJSutZ1smHYTcLpRWEOlHnzcWHmBYrOGUysKwSsrC89BCiFj3CbrfJ/nXFdJepOVrY1GCHQ==",
      "requires": {
        "loose-envify": "^1.4.0",
        "object-assign": "^4.1.1",
        "react-is": "^16.8.1"
      }
    },
    "react-is": {
      "version": "16.12.0",
      "resolved": "https://registry.npmjs.org/react-is/-/react-is-16.12.0.tgz",
      "integrity": "sha512-rPCkf/mWBtKc97aLL9/txD8DZdemK0vkA3JMLShjlJB3Pj3s+lpf1KaBzMfQrAmhMQB0n1cU/SUGgKKBCe837Q=="
    },
    "react-router": {
      "version": "5.1.2",
      "resolved": "https://registry.npmjs.org/react-router/-/react-router-5.1.2.tgz",
      "integrity": "sha512-yjEuMFy1ONK246B+rsa0cUam5OeAQ8pyclRDgpxuSCrAlJ1qN9uZ5IgyKC7gQg0w8OM50NXHEegPh/ks9YuR2A==",
      "requires": {
        "@babel/runtime": "^7.1.2",
        "history": "^4.9.0",
        "hoist-non-react-statics": "^3.1.0",
        "loose-envify": "^1.3.1",
        "mini-create-react-context": "^0.3.0",
        "path-to-regexp": "^1.7.0",
        "prop-types": "^15.6.2",
        "react-is": "^16.6.0",
        "tiny-invariant": "^1.0.2",
        "tiny-warning": "^1.0.0"
      }
    },
    "react-router-dom": {
      "version": "5.1.2",
      "resolved": "https://registry.npmjs.org/react-router-dom/-/react-router-dom-5.1.2.tgz",
      "integrity": "sha512-7BPHAaIwWpZS074UKaw1FjVdZBSVWEk8IuDXdB+OkLb8vd/WRQIpA4ag9WQk61aEfQs47wHyjWUoUGGZxpQXew==",
      "requires": {
        "@babel/runtime": "^7.1.2",
        "history": "^4.9.0",
        "loose-envify": "^1.3.1",
        "prop-types": "^15.6.2",
        "react-router": "5.1.2",
        "tiny-invariant": "^1.0.2",
        "tiny-warning": "^1.0.0"
      }
    },
    "regenerator-runtime": {
      "version": "0.13.3",
      "resolved": "https://registry.npmjs.org/regenerator-runtime/-/regenerator-runtime-0.13.3.tgz",
      "integrity": "sha512-naKIZz2GQ8JWh///G7L3X6LaQUAMp2lvb1rvwwsURe/VXwD6VMfr+/1NuNw3ag8v2kY1aQ/go5SNn79O9JU7yw=="
    },
    "resolve-pathname": {
      "version": "3.0.0",
      "resolved": "https://registry.npmjs.org/resolve-pathname/-/resolve-pathname-3.0.0.tgz",
      "integrity": "sha512-C7rARubxI8bXFNB/hqcp/4iUeIXJhJZvFPFPiSPRnhU5UPxzMFIl+2E6yY6c4k9giDJAhtV+enfA+G89N6Csng=="
    },
    "tiny-invariant": {
      "version": "1.0.6",
      "resolved": "https://registry.npmjs.org/tiny-invariant/-/tiny-invariant-1.0.6.tgz",
      "integrity": "sha512-FOyLWWVjG+aC0UqG76V53yAWdXfH8bO6FNmyZOuUrzDzK8DI3/JRY25UD7+g49JWM1LXwymsKERB+DzI0dTEQA=="
    },
    "tiny-warning": {
      "version": "1.0.3",
      "resolved": "https://registry.npmjs.org/tiny-warning/-/tiny-warning-1.0.3.tgz",
      "integrity": "sha512-lBN9zLN/oAf68o3zNXYrdCt1kP8WsiGW8Oo2ka41b2IM5JL/S1CTyX1rW0mb/zSuJun0ZUrDxx4sqvYS2FWzPA=="
    },
    "value-equal": {
      "version": "1.0.1",
      "resolved": "https://registry.npmjs.org/value-equal/-/value-equal-1.0.1.tgz",
      "integrity": "sha512-NOJ6JZCAWr0zlxZt+xqCHNTEKOsrks2HQd4MqhP1qy4z1SkbEP467eNx6TgDKXMvUOb+OENfJCZwM+16n7fRfw=="
    }
  }
}
